
Microsoft Visual Studio Solution File, Format Version 12.00
# Visual Studio Version 17
VisualStudioVersion = 17.1.32421.90
MinimumVisualStudioVersion = 10.0.40219.1
Project("{FAE04EC0-301F-11D3-BF4B-00C04F79EFBC}") = "Ejercicio 2 - Do while", "Ejercicio 2 - Do while\Ejercicio 2 - Do while.csproj", "{6C80D3BA-B3FE-42CC-A021-81D405BD87ED}"
EndProject
Global
	GlobalSection(SolutionConfigurationPlatforms) = preSolution
		Debug|Any CPU = Debug|Any CPU
		Release|Any CPU = Release|Any CPU
	EndGlobalSection
	GlobalSection(ProjectConfigurationPlatforms) = postSolution
		{6C80D3BA-B3FE-42CC-A021-81D405BD87ED}.Debug|Any CPU.ActiveCfg = Debug|Any CPU
		{6C80D3BA-B3FE-42CC-A021-81D405BD87ED}.Debug|Any CPU.Build.0 = Debug|Any CPU
		{6C80D3BA-B3FE-42CC-A021-81D405BD87ED}.Release|Any CPU.ActiveCfg = Release|Any CPU
		{6C80D3BA-B3FE-42CC-A021-81D405BD87ED}.Release|Any CPU.Build.0 = Release|Any CPU
	EndGlobalSection
	GlobalSection(SolutionProperties) = preSolution
		HideSolutionNode = FALSE
	EndGlobalSection
	GlobalSection(ExtensibilityGlobals) = postSolution
		SolutionGuid = {D42C3E45-A1D7-4EBC-A96F-EA2BCE7C2A25}
	EndGlobalSection
EndGlobal
