
Microsoft Visual Studio Solution File, Format Version 12.00
# Visual Studio Version 17
VisualStudioVersion = 17.1.32421.90
MinimumVisualStudioVersion = 10.0.40219.1
Project("{FAE04EC0-301F-11D3-BF4B-00C04F79EFBC}") = "bucles2", "bucles2\bucles2.csproj", "{C87E6A56-2D38-4E13-A09F-8879B51DCB87}"
EndProject
Global
	GlobalSection(SolutionConfigurationPlatforms) = preSolution
		Debug|Any CPU = Debug|Any CPU
		Release|Any CPU = Release|Any CPU
	EndGlobalSection
	GlobalSection(ProjectConfigurationPlatforms) = postSolution
		{C87E6A56-2D38-4E13-A09F-8879B51DCB87}.Debug|Any CPU.ActiveCfg = Debug|Any CPU
		{C87E6A56-2D38-4E13-A09F-8879B51DCB87}.Debug|Any CPU.Build.0 = Debug|Any CPU
		{C87E6A56-2D38-4E13-A09F-8879B51DCB87}.Release|Any CPU.ActiveCfg = Release|Any CPU
		{C87E6A56-2D38-4E13-A09F-8879B51DCB87}.Release|Any CPU.Build.0 = Release|Any CPU
	EndGlobalSection
	GlobalSection(SolutionProperties) = preSolution
		HideSolutionNode = FALSE
	EndGlobalSection
	GlobalSection(ExtensibilityGlobals) = postSolution
		SolutionGuid = {305D57DE-3AE2-461C-856D-F3D1A85AB444}
	EndGlobalSection
EndGlobal
